<?xml version="1.0" encoding="utf-8"?>
<Project ToolsVersion="4.0" xmlns="http://schemas.microsoft.com/developer/msbuild/2003">
  <ItemGroup>
    <ClInclude Include="_\_\Video.hpp" />
    <ClInclude Include="_\_\Debug.hpp" />
    <ClInclude Include="_\_\Core.hpp" />
    <ClInclude Include="_\_\Face.hpp" />
    <ClInclude Include="_\_\Material.hpp" />
    <ClInclude Include="_\_\Mesh.hpp" />
    <ClInclude Include="_\_\Model.hpp" />
    <ClInclude Include="_\_\Scene.hpp" />
    <ClInclude Include="_\_\Texture.hpp" />
    <ClInclude Include="_\_\Time.hpp" />
    <ClInclude Include="_\_\Input.hpp" />
    <ClInclude Include="_\_\Input\Keyboard.hpp">
      <Filter>Input</Filter>
    </ClInclude>
    <ClInclude Include="_\_\Input\Mouse.hpp">
      <Filter>Input</Filter>
    </ClInclude>
    <ClInclude Include="_\_\Input\Mouse\Button.hpp">
      <Filter>Input\Mouse</Filter>
    </ClInclude>
    <ClInclude Include="_\_\Input\Mouse\Wheel.hpp">
      <Filter>Input\Mouse</Filter>
    </ClInclude>
    <ClInclude Include="_\_\Input\Mouse\Cursor.hpp">
      <Filter>Input\Mouse</Filter>
    </ClInclude>
    <ClInclude Include="_\_\Input\Mouse\Cursor\X.hpp">
      <Filter>Input\Mouse\Cursor</Filter>
    </ClInclude>
    <ClInclude Include="_\_\Input\Mouse\Cursor\Y.hpp">
      <Filter>Input\Mouse\Cursor</Filter>
    </ClInclude>
  </ItemGroup>
  <ItemGroup>
    <ClCompile Include="_\_\Video.cpp" />
    <ClCompile Include="_\_\Debug.cpp" />
    <ClCompile Include="_\_\Core.cpp" />
    <ClCompile Include="_\_\Face.cpp" />
    <ClCompile Include="_\_\Material.cpp" />
    <ClCompile Include="_\_\Mesh.cpp" />
    <ClCompile Include="_\_\Model.cpp" />
    <ClCompile Include="_\_\Scene.cpp" />
    <ClCompile Include="_\_\Texture.cpp" />
    <ClCompile Include="_\_\Time.cpp" />
    <ClCompile Include="_\_\Input.cpp" />
    <ClCompile Include="_\_\Input\Keyboard.cpp">
      <Filter>Input</Filter>
    </ClCompile>
    <ClCompile Include="_\_\Input\Mouse.cpp">
      <Filter>Input</Filter>
    </ClCompile>
    <ClCompile Include="_\_\Input\Mouse\Button.cpp">
      <Filter>Input\Mouse</Filter>
    </ClCompile>
    <ClCompile Include="_\_\Input\Mouse\Wheel.cpp">
      <Filter>Input\Mouse</Filter>
    </ClCompile>
    <ClCompile Include="_\_\Input\Mouse\Cursor.cpp">
      <Filter>Input\Mouse</Filter>
    </ClCompile>
    <ClCompile Include="_\_\Input\Mouse\Cursor\X.cpp">
      <Filter>Input\Mouse\Cursor</Filter>
    </ClCompile>
    <ClCompile Include="_\_\Input\Mouse\Cursor\Y.cpp">
      <Filter>Input\Mouse\Cursor</Filter>
    </ClCompile>
  </ItemGroup>
  <ItemGroup>
    <Filter Include="Input">
      <UniqueIdentifier>{d40eeabe-4468-4066-b488-96f87d76ee9c}</UniqueIdentifier>
    </Filter>
    <Filter Include="Input\Mouse">
      <UniqueIdentifier>{f79e27f5-f0e8-4c19-8ee6-b7b365b5f1aa}</UniqueIdentifier>
    </Filter>
    <Filter Include="Input\Mouse\Cursor">
      <UniqueIdentifier>{28bca7b0-4843-45b7-abd2-f5e6774a2cd9}</UniqueIdentifier>
    </Filter>
  </ItemGroup>
</Project>